// !$*UTF8*$!
{
	archiveVersion = 1;
	classes = {
	};
	objectVersion = 56;
	objects = {

/* Begin PBXBuildFile section */
		B7ED87FD68F8E41F0DF4957E /* Comfort_School_UnivercityApp.swift in Sources */ = {isa = PBXBuildFile; fileRef = 3D09820490C7760CD862D33A /* Comfort_School_UnivercityApp.swift */; };
		326AF6F8CB65D65549F09190 /* CustomTextField.swift in Sources */ = {isa = PBXBuildFile; fileRef = 37EF1A6E9E3349504E8C65CC /* CustomTextField.swift */; };
		3ABF9409677A15D2783C1348 /* ForgotPasswordView.swift in Sources */ = {isa = PBXBuildFile; fileRef = 481F09BF0DBD3D34C417E6E3 /* ForgotPasswordView.swift */; };
		A61EFF6F777B21CFB3304155 /* LessonsView.swift in Sources */ = {isa = PBXBuildFile; fileRef = 07C411BDD87D44FE064C6A6F /* LessonsView.swift */; };
		2DA16DF4F67CC1B9F8490153 /* LoginView.swift in Sources */ = {isa = PBXBuildFile; fileRef = ABCE7750AFF75607935E96CA /* LoginView.swift */; };
		B476ED753F1348A3C46FA41A /* ParentHomeView.swift in Sources */ = {isa = PBXBuildFile; fileRef = 7103EC79021C169D6FB83214 /* ParentHomeView.swift */; };
		DADE73B095A2E89C2F3DE2DE /* ParentProgressView.swift in Sources */ = {isa = PBXBuildFile; fileRef = 144761FDE1BC97AB95D42B98 /* ParentProgressView.swift */; };
		E0E5EB558A23614F5CC0A787 /* PrimaryButton.swift in Sources */ = {isa = PBXBuildFile; fileRef = 0C31E39DB2DF219C0F2DEFCE /* PrimaryButton.swift */; };
		729B47CF1B80CD0625F225B8 /* RegistrationView.swift in Sources */ = {isa = PBXBuildFile; fileRef = 429DB0FFC49FDD542C85F746 /* RegistrationView.swift */; };
		6E9D584CFCB3D813F60D7107 /* TeacherHomeView.swift in Sources */ = {isa = PBXBuildFile; fileRef = 4D7E0C2F0AB825F98948D741 /* TeacherHomeView.swift */; };
		EE138B41CA37A841030DCDCF /* TeacherStudentsView.swift in Sources */ = {isa = PBXBuildFile; fileRef = 87D68186048DD46165EBB9DC /* TeacherStudentsView.swift */; };
		DBA7CF0DC6399B8EB9B3AAA6 /* User.swift in Sources */ = {isa = PBXBuildFile; fileRef = 940FF0DC346ED550DD42E4DF /* User.swift */; };
		1AB8484E65981374F9D6012F /* KKSUAIService.swift in Sources */ = {isa = PBXBuildFile; fileRef = 8CE201E73A8FAA34CB8AAFF0 /* KKSUAIService.swift */; };
		9228DE0642EB6BE36A23CB20 /* KKSUAnalyticsEngine.swift in Sources */ = {isa = PBXBuildFile; fileRef = FB1C414B24CCA7715BD842A9 /* KKSUAnalyticsEngine.swift */; };
		41E3E3A9711AA4F1F1ABE57E /* KKSUAppStore.swift in Sources */ = {isa = PBXBuildFile; fileRef = 45AB84E4FCEFA4509E08F901 /* KKSUAppStore.swift */; };
		5965DF225080593A70CB6D03 /* KKSUBilling.swift in Sources */ = {isa = PBXBuildFile; fileRef = 4146EB5138648104DF743767 /* KKSUBilling.swift */; };
		25C6422CAA90E5D960BED946 /* KKSUBillingLogic.swift in Sources */ = {isa = PBXBuildFile; fileRef = AA1A8C363425669746B0DFC1 /* KKSUBillingLogic.swift */; };
		541A6075EA274AF4F5307B02 /* KKSUCloud.swift in Sources */ = {isa = PBXBuildFile; fileRef = 282C173FB8812EAA419D5399 /* KKSUCloud.swift */; };
		4E70C4050399A393F2F9F0BA /* KKSUCloudStore.swift in Sources */ = {isa = PBXBuildFile; fileRef = 1A9E2A30E98AEA848577B6FB /* KKSUCloudStore.swift */; };
		46A974A74D431B641BB1D44A /* KKSUCloudSync.swift in Sources */ = {isa = PBXBuildFile; fileRef = 637BD061BA810EBEE3EEFD20 /* KKSUCloudSync.swift */; };
		DABA90328E658798939D307C /* KKSUCourseLogic.swift in Sources */ = {isa = PBXBuildFile; fileRef = 125165CAF7325227596B2775 /* KKSUCourseLogic.swift */; };
		652D8093A4B4497E5DCB4B3E /* KKSUCourseModels.swift in Sources */ = {isa = PBXBuildFile; fileRef = 968BF164FC00E073B60B8A97 /* KKSUCourseModels.swift */; };
		EA4E6552214E60E581C0C62E /* KKSUModels.swift in Sources */ = {isa = PBXBuildFile; fileRef = 01A5DB70E620E98DCC39F050 /* KKSUModels.swift */; };
		53352F0C8F4548257977CE09 /* KKSUNavigation.swift in Sources */ = {isa = PBXBuildFile; fileRef = 03AF08BD985871C8881E996C /* KKSUNavigation.swift */; };
		0962C9E7ED746E00C041F542 /* KKSUSeed.swift in Sources */ = {isa = PBXBuildFile; fileRef = 968425F513916E8637D28971 /* KKSUSeed.swift */; };
		FFBA844910EC79721FAB1E7E /* KKSUStore.swift in Sources */ = {isa = PBXBuildFile; fileRef = 5E33D2D01AD95DEB0D64FCD2 /* KKSUStore.swift */; };
		BE9AC1757270551BC9ACD9AF /* KKSUTheme.swift in Sources */ = {isa = PBXBuildFile; fileRef = 10963ED13059342885D15F47 /* KKSUTheme.swift */; };
		BD3AFC4726941E1C3B783328 /* KKSUAIAndPersonalization.swift in Sources */ = {isa = PBXBuildFile; fileRef = 66FEF75C066576F88838C2BB /* KKSUAIAndPersonalization.swift */; };
		13A3C0B8F2FA2AE8381130B4 /* KKSUCabinets.swift in Sources */ = {isa = PBXBuildFile; fileRef = A99F4F29FACBE6695D4BD1AD /* KKSUCabinets.swift */; };
		9F9E7F6FE4D601324EC9A1E5 /* KKSUCloudViews.swift in Sources */ = {isa = PBXBuildFile; fileRef = 0E945AFBA3E483657D197F92 /* KKSUCloudViews.swift */; };
		0E535C8E3AC4A837106094C3 /* KKSUCommunication.swift in Sources */ = {isa = PBXBuildFile; fileRef = 56DE292168B8F015324A61AC /* KKSUCommunication.swift */; };
		431B25683A8DCEECF1F8B702 /* KKSUCourseStudio.swift in Sources */ = {isa = PBXBuildFile; fileRef = 58E9362BE4AD085D3ACA682F /* KKSUCourseStudio.swift */; };
		84B2FF87613DBBB3E3155B3D /* KKSUGlobalAndEngineering.swift in Sources */ = {isa = PBXBuildFile; fileRef = 9342ADDCF9AF616D12D65D20 /* KKSUGlobalAndEngineering.swift */; };
		69E152EB6A9C84EEF1D6585E /* KKSUImpact.swift in Sources */ = {isa = PBXBuildFile; fileRef = 3FBBA4F7FE390401FC32CA24 /* KKSUImpact.swift */; };
		712F75D75C39680610641B1B /* KKSUInventions.swift in Sources */ = {isa = PBXBuildFile; fileRef = 259CEBEB5289B97630ACEDE1 /* KKSUInventions.swift */; };
		53B2A7BD1F77167E9C3FBB05 /* KKSULibraryAndTests.swift in Sources */ = {isa = PBXBuildFile; fileRef = C416659FE907961172335BC4 /* KKSULibraryAndTests.swift */; };
		127A81D4101BB5F8215AE36F /* KKSUPartnersEventsAnalytics.swift in Sources */ = {isa = PBXBuildFile; fileRef = BBF0E3BE402A1EE70CA3E8E9 /* KKSUPartnersEventsAnalytics.swift */; };
		7109F58A2235000D12855C29 /* KKSUPayments.swift in Sources */ = {isa = PBXBuildFile; fileRef = 34FDC7BE1641EAB5518EE85C /* KKSUPayments.swift */; };
		185E6E7563ACEC96F854995B /* KKSUPrivacy.swift in Sources */ = {isa = PBXBuildFile; fileRef = 14DBD987F3B16492CA031910 /* KKSUPrivacy.swift */; };
		348526DC61DEC1C0C33AB338 /* KKSURootViews.swift in Sources */ = {isa = PBXBuildFile; fileRef = E1FA214039B0D0A99C41094E /* KKSURootViews.swift */; };
		312D11EBE7D3C95DCCAE767C /* KKSUStudentModules.swift in Sources */ = {isa = PBXBuildFile; fileRef = 1B7AD9A0B74C7402532851FC /* KKSUStudentModules.swift */; };
		B02622A77BBDE5F9208EDCEE /* KKSUTeacherAcademy.swift in Sources */ = {isa = PBXBuildFile; fileRef = 7A722C05576EB350C702273B /* KKSUTeacherAcademy.swift */; };
		D59A1F9D1014643B20E14229 /* PrivacyInfo.xcprivacy in Resources */ = {isa = PBXBuildFile; fileRef = 21CEC257FEB15BCC84E0ACD5 /* PrivacyInfo.xcprivacy */; };
/* End PBXBuildFile section */

/* Begin PBXFileReference section */
		3D09820490C7760CD862D33A /* Comfort_School_UnivercityApp.swift */ = {isa = PBXFileReference; lastKnownFileType = sourcecode.swift; path = "Comfort_School_UnivercityApp.swift"; sourceTree = "<group>"; };
		37EF1A6E9E3349504E8C65CC /* CustomTextField.swift */ = {isa = PBXFileReference; lastKnownFileType = sourcecode.swift; path = "CustomTextField.swift"; sourceTree = "<group>"; };
		481F09BF0DBD3D34C417E6E3 /* ForgotPasswordView.swift */ = {isa = PBXFileReference; lastKnownFileType = sourcecode.swift; path = "ForgotPasswordView.swift"; sourceTree = "<group>"; };
		07C411BDD87D44FE064C6A6F /* LessonsView.swift */ = {isa = PBXFileReference; lastKnownFileType = sourcecode.swift; path = "LessonsView.swift"; sourceTree = "<group>"; };
		ABCE7750AFF75607935E96CA /* LoginView.swift */ = {isa = PBXFileReference; lastKnownFileType = sourcecode.swift; path = "LoginView.swift"; sourceTree = "<group>"; };
		7103EC79021C169D6FB83214 /* ParentHomeView.swift */ = {isa = PBXFileReference; lastKnownFileType = sourcecode.swift; path = "ParentHomeView.swift"; sourceTree = "<group>"; };
		144761FDE1BC97AB95D42B98 /* ParentProgressView.swift */ = {isa = PBXFileReference; lastKnownFileType = sourcecode.swift; path = "ParentProgressView.swift"; sourceTree = "<group>"; };
		0C31E39DB2DF219C0F2DEFCE /* PrimaryButton.swift */ = {isa = PBXFileReference; lastKnownFileType = sourcecode.swift; path = "PrimaryButton.swift"; sourceTree = "<group>"; };
		429DB0FFC49FDD542C85F746 /* RegistrationView.swift */ = {isa = PBXFileReference; lastKnownFileType = sourcecode.swift; path = "RegistrationView.swift"; sourceTree = "<group>"; };
		4D7E0C2F0AB825F98948D741 /* TeacherHomeView.swift */ = {isa = PBXFileReference; lastKnownFileType = sourcecode.swift; path = "TeacherHomeView.swift"; sourceTree = "<group>"; };
		87D68186048DD46165EBB9DC /* TeacherStudentsView.swift */ = {isa = PBXFileReference; lastKnownFileType = sourcecode.swift; path = "TeacherStudentsView.swift"; sourceTree = "<group>"; };
		940FF0DC346ED550DD42E4DF /* User.swift */ = {isa = PBXFileReference; lastKnownFileType = sourcecode.swift; path = "User.swift"; sourceTree = "<group>"; };
		8CE201E73A8FAA34CB8AAFF0 /* KKSUAIService.swift */ = {isa = PBXFileReference; lastKnownFileType = sourcecode.swift; path = "KKSUAIService.swift"; sourceTree = "<group>"; };
		FB1C414B24CCA7715BD842A9 /* KKSUAnalyticsEngine.swift */ = {isa = PBXFileReference; lastKnownFileType = sourcecode.swift; path = "KKSUAnalyticsEngine.swift"; sourceTree = "<group>"; };
		45AB84E4FCEFA4509E08F901 /* KKSUAppStore.swift */ = {isa = PBXFileReference; lastKnownFileType = sourcecode.swift; path = "KKSUAppStore.swift"; sourceTree = "<group>"; };
		4146EB5138648104DF743767 /* KKSUBilling.swift */ = {isa = PBXFileReference; lastKnownFileType = sourcecode.swift; path = "KKSUBilling.swift"; sourceTree = "<group>"; };
		AA1A8C363425669746B0DFC1 /* KKSUBillingLogic.swift */ = {isa = PBXFileReference; lastKnownFileType = sourcecode.swift; path = "KKSUBillingLogic.swift"; sourceTree = "<group>"; };
		282C173FB8812EAA419D5399 /* KKSUCloud.swift */ = {isa = PBXFileReference; lastKnownFileType = sourcecode.swift; path = "KKSUCloud.swift"; sourceTree = "<group>"; };
		1A9E2A30E98AEA848577B6FB /* KKSUCloudStore.swift */ = {isa = PBXFileReference; lastKnownFileType = sourcecode.swift; path = "KKSUCloudStore.swift"; sourceTree = "<group>"; };
		637BD061BA810EBEE3EEFD20 /* KKSUCloudSync.swift */ = {isa = PBXFileReference; lastKnownFileType = sourcecode.swift; path = "KKSUCloudSync.swift"; sourceTree = "<group>"; };
		125165CAF7325227596B2775 /* KKSUCourseLogic.swift */ = {isa = PBXFileReference; lastKnownFileType = sourcecode.swift; path = "KKSUCourseLogic.swift"; sourceTree = "<group>"; };
		968BF164FC00E073B60B8A97 /* KKSUCourseModels.swift */ = {isa = PBXFileReference; lastKnownFileType = sourcecode.swift; path = "KKSUCourseModels.swift"; sourceTree = "<group>"; };
		01A5DB70E620E98DCC39F050 /* KKSUModels.swift */ = {isa = PBXFileReference; lastKnownFileType = sourcecode.swift; path = "KKSUModels.swift"; sourceTree = "<group>"; };
		03AF08BD985871C8881E996C /* KKSUNavigation.swift */ = {isa = PBXFileReference; lastKnownFileType = sourcecode.swift; path = "KKSUNavigation.swift"; sourceTree = "<group>"; };
		968425F513916E8637D28971 /* KKSUSeed.swift */ = {isa = PBXFileReference; lastKnownFileType = sourcecode.swift; path = "KKSUSeed.swift"; sourceTree = "<group>"; };
		5E33D2D01AD95DEB0D64FCD2 /* KKSUStore.swift */ = {isa = PBXFileReference; lastKnownFileType = sourcecode.swift; path = "KKSUStore.swift"; sourceTree = "<group>"; };
		10963ED13059342885D15F47 /* KKSUTheme.swift */ = {isa = PBXFileReference; lastKnownFileType = sourcecode.swift; path = "KKSUTheme.swift"; sourceTree = "<group>"; };
		66FEF75C066576F88838C2BB /* KKSUAIAndPersonalization.swift */ = {isa = PBXFileReference; lastKnownFileType = sourcecode.swift; path = "KKSUAIAndPersonalization.swift"; sourceTree = "<group>"; };
		A99F4F29FACBE6695D4BD1AD /* KKSUCabinets.swift */ = {isa = PBXFileReference; lastKnownFileType = sourcecode.swift; path = "KKSUCabinets.swift"; sourceTree = "<group>"; };
		0E945AFBA3E483657D197F92 /* KKSUCloudViews.swift */ = {isa = PBXFileReference; lastKnownFileType = sourcecode.swift; path = "KKSUCloudViews.swift"; sourceTree = "<group>"; };
		56DE292168B8F015324A61AC /* KKSUCommunication.swift */ = {isa = PBXFileReference; lastKnownFileType = sourcecode.swift; path = "KKSUCommunication.swift"; sourceTree = "<group>"; };
		58E9362BE4AD085D3ACA682F /* KKSUCourseStudio.swift */ = {isa = PBXFileReference; lastKnownFileType = sourcecode.swift; path = "KKSUCourseStudio.swift"; sourceTree = "<group>"; };
		9342ADDCF9AF616D12D65D20 /* KKSUGlobalAndEngineering.swift */ = {isa = PBXFileReference; lastKnownFileType = sourcecode.swift; path = "KKSUGlobalAndEngineering.swift"; sourceTree = "<group>"; };
		3FBBA4F7FE390401FC32CA24 /* KKSUImpact.swift */ = {isa = PBXFileReference; lastKnownFileType = sourcecode.swift; path = "KKSUImpact.swift"; sourceTree = "<group>"; };
		259CEBEB5289B97630ACEDE1 /* KKSUInventions.swift */ = {isa = PBXFileReference; lastKnownFileType = sourcecode.swift; path = "KKSUInventions.swift"; sourceTree = "<group>"; };
		C416659FE907961172335BC4 /* KKSULibraryAndTests.swift */ = {isa = PBXFileReference; lastKnownFileType = sourcecode.swift; path = "KKSULibraryAndTests.swift"; sourceTree = "<group>"; };
		BBF0E3BE402A1EE70CA3E8E9 /* KKSUPartnersEventsAnalytics.swift */ = {isa = PBXFileReference; lastKnownFileType = sourcecode.swift; path = "KKSUPartnersEventsAnalytics.swift"; sourceTree = "<group>"; };
		34FDC7BE1641EAB5518EE85C /* KKSUPayments.swift */ = {isa = PBXFileReference; lastKnownFileType = sourcecode.swift; path = "KKSUPayments.swift"; sourceTree = "<group>"; };
		14DBD987F3B16492CA031910 /* KKSUPrivacy.swift */ = {isa = PBXFileReference; lastKnownFileType = sourcecode.swift; path = "KKSUPrivacy.swift"; sourceTree = "<group>"; };
		E1FA214039B0D0A99C41094E /* KKSURootViews.swift */ = {isa = PBXFileReference; lastKnownFileType = sourcecode.swift; path = "KKSURootViews.swift"; sourceTree = "<group>"; };
		1B7AD9A0B74C7402532851FC /* KKSUStudentModules.swift */ = {isa = PBXFileReference; lastKnownFileType = sourcecode.swift; path = "KKSUStudentModules.swift"; sourceTree = "<group>"; };
		7A722C05576EB350C702273B /* KKSUTeacherAcademy.swift */ = {isa = PBXFileReference; lastKnownFileType = sourcecode.swift; path = "KKSUTeacherAcademy.swift"; sourceTree = "<group>"; };
		CAF9B6B99962BF5C22648242 /* Info.plist */ = {isa = PBXFileReference; lastKnownFileType = text.plist.xml; path = Info.plist; sourceTree = "<group>"; };
		21CEC257FEB15BCC84E0ACD5 /* PrivacyInfo.xcprivacy */ = {isa = PBXFileReference; lastKnownFileType = text.xml; path = PrivacyInfo.xcprivacy; sourceTree = "<group>"; };
		593AD2687342375443766B2B /* KKSU.storekit */ = {isa = PBXFileReference; lastKnownFileType = text; path = KKSU.storekit; sourceTree = "<group>"; };
		3905D7917F2B3429490B01CF /* README.md */ = {isa = PBXFileReference; lastKnownFileType = net.daringfireball.markdown; path = README.md; sourceTree = "<group>"; };
		2CB1AD4F3EB0EA704C74A736 /* KKSU_TASKS.md */ = {isa = PBXFileReference; lastKnownFileType = net.daringfireball.markdown; name = KKSU_TASKS.md; path = docs/KKSU_TASKS.md; sourceTree = "<group>"; };
		C8458A44D83AA6371A48B4BB /* README.md */ = {isa = PBXFileReference; lastKnownFileType = text; name = "README.md"; path = "backend/README.md"; sourceTree = "<group>"; };
		F22CC2D343AC9C2005AA4BF6 /* schema.sql */ = {isa = PBXFileReference; lastKnownFileType = text; name = "schema.sql"; path = "backend/supabase/schema.sql"; sourceTree = "<group>"; };
		F5BF48AA40CAD7891EB709FC /* KKSU.app */ = {isa = PBXFileReference; explicitFileType = wrapper.application; includeInIndex = 0; path = "KKSU.app"; sourceTree = BUILT_PRODUCTS_DIR; };
/* End PBXFileReference section */

/* Begin PBXFrameworksBuildPhase section */
		8F51EF3B9040A527832BEBBA /* Frameworks */ = {
			isa = PBXFrameworksBuildPhase;
			buildActionMask = 2147483647;
			files = (
			);
			runOnlyForDeploymentPostprocessing = 0;
		};
/* End PBXFrameworksBuildPhase section */

/* Begin PBXGroup section */
		FAD58DE7366495DB4650CFEF /* Main */ = {
			isa = PBXGroup;
			children = (
				F7C54FDA6297135D8DEA6B36 /* KKSU */,
				434990C8A25D2BE94863561A /* Supporting Files */,
				6823509808722D15FFBB8BF6 /* Docs */,
				86024CAD1E83101D97359D73 /* Products */,
			);
			sourceTree = "<group>";
		};
		F7C54FDA6297135D8DEA6B36 /* KKSU */ = {
			isa = PBXGroup;
			children = (
				30BAE363BF904CFF4BA52B3A /* App */,
				5624E3F01804C9A0FC687E23 /* Core */,
				45DAB6B8C2FC2337C0F86FDD /* Features */,
			);
			path = KKSU;
			sourceTree = "<group>";
		};
		30BAE363BF904CFF4BA52B3A /* App */ = {
			isa = PBXGroup;
			children = (
				3D09820490C7760CD862D33A /* Comfort_School_UnivercityApp.swift */,
				37EF1A6E9E3349504E8C65CC /* CustomTextField.swift */,
				481F09BF0DBD3D34C417E6E3 /* ForgotPasswordView.swift */,
				07C411BDD87D44FE064C6A6F /* LessonsView.swift */,
				ABCE7750AFF75607935E96CA /* LoginView.swift */,
				7103EC79021C169D6FB83214 /* ParentHomeView.swift */,
				144761FDE1BC97AB95D42B98 /* ParentProgressView.swift */,
				0C31E39DB2DF219C0F2DEFCE /* PrimaryButton.swift */,
				429DB0FFC49FDD542C85F746 /* RegistrationView.swift */,
				4D7E0C2F0AB825F98948D741 /* TeacherHomeView.swift */,
				87D68186048DD46165EBB9DC /* TeacherStudentsView.swift */,
				940FF0DC346ED550DD42E4DF /* User.swift */,
			);
			path = App;
			sourceTree = "<group>";
		};
		5624E3F01804C9A0FC687E23 /* Core */ = {
			isa = PBXGroup;
			children = (
				8CE201E73A8FAA34CB8AAFF0 /* KKSUAIService.swift */,
				FB1C414B24CCA7715BD842A9 /* KKSUAnalyticsEngine.swift */,
				45AB84E4FCEFA4509E08F901 /* KKSUAppStore.swift */,
				4146EB5138648104DF743767 /* KKSUBilling.swift */,
				AA1A8C363425669746B0DFC1 /* KKSUBillingLogic.swift */,
				282C173FB8812EAA419D5399 /* KKSUCloud.swift */,
				1A9E2A30E98AEA848577B6FB /* KKSUCloudStore.swift */,
				637BD061BA810EBEE3EEFD20 /* KKSUCloudSync.swift */,
				125165CAF7325227596B2775 /* KKSUCourseLogic.swift */,
				968BF164FC00E073B60B8A97 /* KKSUCourseModels.swift */,
				01A5DB70E620E98DCC39F050 /* KKSUModels.swift */,
				03AF08BD985871C8881E996C /* KKSUNavigation.swift */,
				968425F513916E8637D28971 /* KKSUSeed.swift */,
				5E33D2D01AD95DEB0D64FCD2 /* KKSUStore.swift */,
				10963ED13059342885D15F47 /* KKSUTheme.swift */,
			);
			path = Core;
			sourceTree = "<group>";
		};
		45DAB6B8C2FC2337C0F86FDD /* Features */ = {
			isa = PBXGroup;
			children = (
				66FEF75C066576F88838C2BB /* KKSUAIAndPersonalization.swift */,
				A99F4F29FACBE6695D4BD1AD /* KKSUCabinets.swift */,
				0E945AFBA3E483657D197F92 /* KKSUCloudViews.swift */,
				56DE292168B8F015324A61AC /* KKSUCommunication.swift */,
				58E9362BE4AD085D3ACA682F /* KKSUCourseStudio.swift */,
				9342ADDCF9AF616D12D65D20 /* KKSUGlobalAndEngineering.swift */,
				3FBBA4F7FE390401FC32CA24 /* KKSUImpact.swift */,
				259CEBEB5289B97630ACEDE1 /* KKSUInventions.swift */,
				C416659FE907961172335BC4 /* KKSULibraryAndTests.swift */,
				BBF0E3BE402A1EE70CA3E8E9 /* KKSUPartnersEventsAnalytics.swift */,
				34FDC7BE1641EAB5518EE85C /* KKSUPayments.swift */,
				14DBD987F3B16492CA031910 /* KKSUPrivacy.swift */,
				E1FA214039B0D0A99C41094E /* KKSURootViews.swift */,
				1B7AD9A0B74C7402532851FC /* KKSUStudentModules.swift */,
				7A722C05576EB350C702273B /* KKSUTeacherAcademy.swift */,
			);
			path = Features;
			sourceTree = "<group>";
		};
		434990C8A25D2BE94863561A /* Supporting Files */ = {
			isa = PBXGroup;
			children = (
				CAF9B6B99962BF5C22648242 /* Info.plist */,
				21CEC257FEB15BCC84E0ACD5 /* PrivacyInfo.xcprivacy */,
				593AD2687342375443766B2B /* KKSU.storekit */,
			);
			name = "Supporting Files";
			sourceTree = "<group>";
		};
		6823509808722D15FFBB8BF6 /* Docs */ = {
			isa = PBXGroup;
			children = (
				3905D7917F2B3429490B01CF /* README.md */,
				2CB1AD4F3EB0EA704C74A736 /* KKSU_TASKS.md */,
				C8458A44D83AA6371A48B4BB /* README.md */,
				F22CC2D343AC9C2005AA4BF6 /* schema.sql */,
			);
			name = "Docs";
			sourceTree = "<group>";
		};
		86024CAD1E83101D97359D73 /* Products */ = {
			isa = PBXGroup;
			children = (
				F5BF48AA40CAD7891EB709FC /* KKSU.app */,
			);
			name = "Products";
			sourceTree = "<group>";
		};
/* End PBXGroup section */

/* Begin PBXNativeTarget section */
		42AEFBAE01D2DFD981F7DA7D /* KKSU */ = {
			isa = PBXNativeTarget;
			buildConfigurationList = DD5B959833E219C36151D647 /* Build configuration list for PBXNativeTarget "KKSU" */;
			buildPhases = (
				25D902C24283AB8CFBAC54DF /* Sources */,
				8F51EF3B9040A527832BEBBA /* Frameworks */,
				9B207167E5381C47682C6B4F /* Resources */,
			);
			buildRules = (
			);
			dependencies = (
			);
			name = KKSU;
			productName = KKSU;
			productReference = F5BF48AA40CAD7891EB709FC /* KKSU.app */;
			productType = "com.apple.product-type.application";
		};
/* End PBXNativeTarget section */

/* Begin PBXProject section */
		46F86FAA6BBF9AC94A7E4595 /* Project object */ = {
			isa = PBXProject;
			attributes = {
				BuildIndependentTargetsInParallel = 1;
				LastSwiftUpdateCheck = 1600;
				LastUpgradeCheck = 1600;
				TargetAttributes = {
					42AEFBAE01D2DFD981F7DA7D = {
						CreatedOnToolsVersion = 16.0;
					};
				};
			};
			buildConfigurationList = 2CA666E9AB7FD185F98B8152 /* Build configuration list for PBXProject "KKSU" */;
			compatibilityVersion = "Xcode 14.0";
			developmentRegion = ru;
			hasScannedForEncodings = 0;
			knownRegions = (
				ru,
				en,
				Base,
			);
			mainGroup = FAD58DE7366495DB4650CFEF;
			productRefGroup = 86024CAD1E83101D97359D73 /* Products */;
			projectDirPath = "";
			projectRoot = "";
			targets = (
				42AEFBAE01D2DFD981F7DA7D /* KKSU */,
			);
		};
/* End PBXProject section */

/* Begin PBXResourcesBuildPhase section */
		9B207167E5381C47682C6B4F /* Resources */ = {
			isa = PBXResourcesBuildPhase;
			buildActionMask = 2147483647;
			files = (
				D59A1F9D1014643B20E14229 /* PrivacyInfo.xcprivacy in Resources */,
			);
			runOnlyForDeploymentPostprocessing = 0;
		};
/* End PBXResourcesBuildPhase section */

/* Begin PBXSourcesBuildPhase section */
		25D902C24283AB8CFBAC54DF /* Sources */ = {
			isa = PBXSourcesBuildPhase;
			buildActionMask = 2147483647;
			files = (
				B7ED87FD68F8E41F0DF4957E /* Comfort_School_UnivercityApp.swift in Sources */,
				326AF6F8CB65D65549F09190 /* CustomTextField.swift in Sources */,
				3ABF9409677A15D2783C1348 /* ForgotPasswordView.swift in Sources */,
				A61EFF6F777B21CFB3304155 /* LessonsView.swift in Sources */,
				2DA16DF4F67CC1B9F8490153 /* LoginView.swift in Sources */,
				B476ED753F1348A3C46FA41A /* ParentHomeView.swift in Sources */,
				DADE73B095A2E89C2F3DE2DE /* ParentProgressView.swift in Sources */,
				E0E5EB558A23614F5CC0A787 /* PrimaryButton.swift in Sources */,
				729B47CF1B80CD0625F225B8 /* RegistrationView.swift in Sources */,
				6E9D584CFCB3D813F60D7107 /* TeacherHomeView.swift in Sources */,
				EE138B41CA37A841030DCDCF /* TeacherStudentsView.swift in Sources */,
				DBA7CF0DC6399B8EB9B3AAA6 /* User.swift in Sources */,
				1AB8484E65981374F9D6012F /* KKSUAIService.swift in Sources */,
				9228DE0642EB6BE36A23CB20 /* KKSUAnalyticsEngine.swift in Sources */,
				41E3E3A9711AA4F1F1ABE57E /* KKSUAppStore.swift in Sources */,
				5965DF225080593A70CB6D03 /* KKSUBilling.swift in Sources */,
				25C6422CAA90E5D960BED946 /* KKSUBillingLogic.swift in Sources */,
				541A6075EA274AF4F5307B02 /* KKSUCloud.swift in Sources */,
				4E70C4050399A393F2F9F0BA /* KKSUCloudStore.swift in Sources */,
				46A974A74D431B641BB1D44A /* KKSUCloudSync.swift in Sources */,
				DABA90328E658798939D307C /* KKSUCourseLogic.swift in Sources */,
				652D8093A4B4497E5DCB4B3E /* KKSUCourseModels.swift in Sources */,
				EA4E6552214E60E581C0C62E /* KKSUModels.swift in Sources */,
				53352F0C8F4548257977CE09 /* KKSUNavigation.swift in Sources */,
				0962C9E7ED746E00C041F542 /* KKSUSeed.swift in Sources */,
				FFBA844910EC79721FAB1E7E /* KKSUStore.swift in Sources */,
				BE9AC1757270551BC9ACD9AF /* KKSUTheme.swift in Sources */,
				BD3AFC4726941E1C3B783328 /* KKSUAIAndPersonalization.swift in Sources */,
				13A3C0B8F2FA2AE8381130B4 /* KKSUCabinets.swift in Sources */,
				9F9E7F6FE4D601324EC9A1E5 /* KKSUCloudViews.swift in Sources */,
				0E535C8E3AC4A837106094C3 /* KKSUCommunication.swift in Sources */,
				431B25683A8DCEECF1F8B702 /* KKSUCourseStudio.swift in Sources */,
				84B2FF87613DBBB3E3155B3D /* KKSUGlobalAndEngineering.swift in Sources */,
				69E152EB6A9C84EEF1D6585E /* KKSUImpact.swift in Sources */,
				712F75D75C39680610641B1B /* KKSUInventions.swift in Sources */,
				53B2A7BD1F77167E9C3FBB05 /* KKSULibraryAndTests.swift in Sources */,
				127A81D4101BB5F8215AE36F /* KKSUPartnersEventsAnalytics.swift in Sources */,
				7109F58A2235000D12855C29 /* KKSUPayments.swift in Sources */,
				185E6E7563ACEC96F854995B /* KKSUPrivacy.swift in Sources */,
				348526DC61DEC1C0C33AB338 /* KKSURootViews.swift in Sources */,
				312D11EBE7D3C95DCCAE767C /* KKSUStudentModules.swift in Sources */,
				B02622A77BBDE5F9208EDCEE /* KKSUTeacherAcademy.swift in Sources */,
			);
			runOnlyForDeploymentPostprocessing = 0;
		};
/* End PBXSourcesBuildPhase section */

/* Begin XCBuildConfiguration section */
		2D53B50AE2273FABAAF8B8FA /* Debug */ = {
			isa = XCBuildConfiguration;
			buildSettings = {
				ALWAYS_SEARCH_USER_PATHS = NO;
				ASSETCATALOG_COMPILER_GENERATE_SWIFT_ASSET_SYMBOL_EXTENSIONS = YES;
				CLANG_ANALYZER_NONNULL = YES;
				CLANG_CXX_LANGUAGE_STANDARD = "gnu++20";
				CLANG_ENABLE_MODULES = YES;
				CLANG_ENABLE_OBJC_ARC = YES;
				CLANG_ENABLE_OBJC_WEAK = YES;
				COPY_PHASE_STRIP = NO;
				ENABLE_STRICT_OBJC_MSGSEND = YES;
				ENABLE_USER_SCRIPT_SANDBOXING = YES;
				GCC_C_LANGUAGE_STANDARD = gnu17;
				GCC_NO_COMMON_BLOCKS = YES;
				IPHONEOS_DEPLOYMENT_TARGET = 17.0;
				LOCALIZATION_PREFERS_STRING_CATALOGS = YES;
				MTL_FAST_MATH = YES;
				SDKROOT = iphoneos;
				DEBUG_INFORMATION_FORMAT = dwarf;
				ENABLE_TESTABILITY = YES;
				GCC_DYNAMIC_NO_PIC = NO;
				GCC_OPTIMIZATION_LEVEL = 0;
				GCC_PREPROCESSOR_DEFINITIONS = (
					"DEBUG=1",
					"$(inherited)",
				);
				MTL_ENABLE_DEBUG_INFO = INCLUDE_SOURCE;
				ONLY_ACTIVE_ARCH = YES;
				SWIFT_ACTIVE_COMPILATION_CONDITIONS = "DEBUG $(inherited)";
				SWIFT_OPTIMIZATION_LEVEL = "-Onone";
			};
			name = Debug;
		};
		D4B2141B77146EF47E948847 /* Release */ = {
			isa = XCBuildConfiguration;
			buildSettings = {
				ALWAYS_SEARCH_USER_PATHS = NO;
				ASSETCATALOG_COMPILER_GENERATE_SWIFT_ASSET_SYMBOL_EXTENSIONS = YES;
				CLANG_ANALYZER_NONNULL = YES;
				CLANG_CXX_LANGUAGE_STANDARD = "gnu++20";
				CLANG_ENABLE_MODULES = YES;
				CLANG_ENABLE_OBJC_ARC = YES;
				CLANG_ENABLE_OBJC_WEAK = YES;
				COPY_PHASE_STRIP = NO;
				ENABLE_STRICT_OBJC_MSGSEND = YES;
				ENABLE_USER_SCRIPT_SANDBOXING = YES;
				GCC_C_LANGUAGE_STANDARD = gnu17;
				GCC_NO_COMMON_BLOCKS = YES;
				IPHONEOS_DEPLOYMENT_TARGET = 17.0;
				LOCALIZATION_PREFERS_STRING_CATALOGS = YES;
				MTL_FAST_MATH = YES;
				SDKROOT = iphoneos;
				DEBUG_INFORMATION_FORMAT = "dwarf-with-dsym";
				ENABLE_NS_ASSERTIONS = NO;
				MTL_ENABLE_DEBUG_INFO = NO;
				SWIFT_COMPILATION_MODE = wholemodule;
				VALIDATE_PRODUCT = YES;
			};
			name = Release;
		};
		FA7C752E798F561D7D156D98 /* Debug */ = {
			isa = XCBuildConfiguration;
			buildSettings = {
				CODE_SIGN_STYLE = Automatic;
				CURRENT_PROJECT_VERSION = 1;
				ENABLE_PREVIEWS = YES;
				GENERATE_INFOPLIST_FILE = YES;
				INFOPLIST_FILE = Info.plist;
				INFOPLIST_KEY_CFBundleDisplayName = "KKSU Online";
				INFOPLIST_KEY_UIApplicationSceneManifest_Generation = YES;
				INFOPLIST_KEY_UIApplicationSupportsIndirectInputEvents = YES;
				INFOPLIST_KEY_UILaunchScreen_Generation = YES;
				INFOPLIST_KEY_UISupportedInterfaceOrientations_iPad = "UIInterfaceOrientationPortrait UIInterfaceOrientationPortraitUpsideDown UIInterfaceOrientationLandscapeLeft UIInterfaceOrientationLandscapeRight";
				INFOPLIST_KEY_UISupportedInterfaceOrientations_iPhone = "UIInterfaceOrientationPortrait UIInterfaceOrientationLandscapeLeft UIInterfaceOrientationLandscapeRight";
				LD_RUNPATH_SEARCH_PATHS = (
					"$(inherited)",
					"@executable_path/Frameworks",
				);
				MARKETING_VERSION = 1.0;
				PRODUCT_BUNDLE_IDENTIFIER = kz.kksu.online;
				PRODUCT_NAME = "$(TARGET_NAME)";
				SUPPORTED_PLATFORMS = "iphoneos iphonesimulator";
				SUPPORTS_MACCATALYST = NO;
				SWIFT_EMIT_LOC_STRINGS = YES;
				SWIFT_VERSION = 5.0;
				TARGETED_DEVICE_FAMILY = "1,2";
			};
			name = Debug;
		};
		22F75101C717335ACF4089A0 /* Release */ = {
			isa = XCBuildConfiguration;
			buildSettings = {
				CODE_SIGN_STYLE = Automatic;
				CURRENT_PROJECT_VERSION = 1;
				ENABLE_PREVIEWS = YES;
				GENERATE_INFOPLIST_FILE = YES;
				INFOPLIST_FILE = Info.plist;
				INFOPLIST_KEY_CFBundleDisplayName = "KKSU Online";
				INFOPLIST_KEY_UIApplicationSceneManifest_Generation = YES;
				INFOPLIST_KEY_UIApplicationSupportsIndirectInputEvents = YES;
				INFOPLIST_KEY_UILaunchScreen_Generation = YES;
				INFOPLIST_KEY_UISupportedInterfaceOrientations_iPad = "UIInterfaceOrientationPortrait UIInterfaceOrientationPortraitUpsideDown UIInterfaceOrientationLandscapeLeft UIInterfaceOrientationLandscapeRight";
				INFOPLIST_KEY_UISupportedInterfaceOrientations_iPhone = "UIInterfaceOrientationPortrait UIInterfaceOrientationLandscapeLeft UIInterfaceOrientationLandscapeRight";
				LD_RUNPATH_SEARCH_PATHS = (
					"$(inherited)",
					"@executable_path/Frameworks",
				);
				MARKETING_VERSION = 1.0;
				PRODUCT_BUNDLE_IDENTIFIER = kz.kksu.online;
				PRODUCT_NAME = "$(TARGET_NAME)";
				SUPPORTED_PLATFORMS = "iphoneos iphonesimulator";
				SUPPORTS_MACCATALYST = NO;
				SWIFT_EMIT_LOC_STRINGS = YES;
				SWIFT_VERSION = 5.0;
				TARGETED_DEVICE_FAMILY = "1,2";
			};
			name = Release;
		};
/* End XCBuildConfiguration section */

/* Begin XCConfigurationList section */
		2CA666E9AB7FD185F98B8152 /* Build configuration list for PBXProject "KKSU" */ = {
			isa = XCConfigurationList;
			buildConfigurations = (
				2D53B50AE2273FABAAF8B8FA /* Debug */,
				D4B2141B77146EF47E948847 /* Release */,
			);
			defaultConfigurationIsVisible = 0;
			defaultConfigurationName = Release;
		};
		DD5B959833E219C36151D647 /* Build configuration list for PBXNativeTarget "KKSU" */ = {
			isa = XCConfigurationList;
			buildConfigurations = (
				FA7C752E798F561D7D156D98 /* Debug */,
				22F75101C717335ACF4089A0 /* Release */,
			);
			defaultConfigurationIsVisible = 0;
			defaultConfigurationName = Release;
		};
/* End XCConfigurationList section */
	};
	rootObject = 46F86FAA6BBF9AC94A7E4595 /* Project object */;
}
